{
  "name": "test",
  "version": "1.0.0",
  "lockfileVersion": 1,
  "requires": true,
  "dependencies": {
    "doubleratchet": {
      "version": "0.0.4",
      "resolved": "https://registry.npmjs.org/doubleratchet/-/doubleratchet-0.0.4.tgz",
      "integrity": "sha1-/7Zmqbyf3a0XNnkqtBUKtxpYmz0="
    }
  }
}
